
Microsoft Visual Studio Solution File, Format Version 12.00
# Visual Studio Version 17
VisualStudioVersion = 17.7.34024.191
MinimumVisualStudioVersion = 10.0.40219.1
Project("{8BC9CEB8-8B4A-11D0-8D11-00A0C91BC942}") = "QML_production_line", "QML_production_line\QML_production_line.vcxproj", "{F03A5E4A-CE49-4C41-AB98-E601FEC9293B}"
EndProject
Global
	GlobalSection(SolutionConfigurationPlatforms) = preSolution
		Debug|x64 = Debug|x64
		Release|x64 = Release|x64
	EndGlobalSection
	GlobalSection(ProjectConfigurationPlatforms) = postSolution
		{F03A5E4A-CE49-4C41-AB98-E601FEC9293B}.Debug|x64.ActiveCfg = Debug|x64
		{F03A5E4A-CE49-4C41-AB98-E601FEC9293B}.Debug|x64.Build.0 = Debug|x64
		{F03A5E4A-CE49-4C41-AB98-E601FEC9293B}.Release|x64.ActiveCfg = Release|x64
		{F03A5E4A-CE49-4C41-AB98-E601FEC9293B}.Release|x64.Build.0 = Release|x64
	EndGlobalSection
	GlobalSection(SolutionProperties) = preSolution
		HideSolutionNode = FALSE
	EndGlobalSection
	GlobalSection(ExtensibilityGlobals) = postSolution
		SolutionGuid = {E5064D90-434C-4A5A-92B9-AE96A4A39629}
	EndGlobalSection
EndGlobal
